
Microsoft Visual Studio Solution File, Format Version 12.00
# Visual Studio Version 16
VisualStudioVersion = 16.0.31702.278
MinimumVisualStudioVersion = 10.0.40219.1
Project("{9A19103F-16F7-4668-BE54-9A1E7A4F7556}") = "Test", "Test\Test.csproj", "{12CE221B-A39E-4BDD-8F26-BD5E8A82029B}"
EndProject
Global
	GlobalSection(SolutionConfigurationPlatforms) = preSolution
		Debug|Any CPU = Debug|Any CPU
		Release|Any CPU = Release|Any CPU
	EndGlobalSection
	GlobalSection(ProjectConfigurationPlatforms) = postSolution
		{12CE221B-A39E-4BDD-8F26-BD5E8A82029B}.Debug|Any CPU.ActiveCfg = Debug|Any CPU
		{12CE221B-A39E-4BDD-8F26-BD5E8A82029B}.Debug|Any CPU.Build.0 = Debug|Any CPU
		{12CE221B-A39E-4BDD-8F26-BD5E8A82029B}.Release|Any CPU.ActiveCfg = Release|Any CPU
		{12CE221B-A39E-4BDD-8F26-BD5E8A82029B}.Release|Any CPU.Build.0 = Release|Any CPU
	EndGlobalSection
	GlobalSection(SolutionProperties) = preSolution
		HideSolutionNode = FALSE
	EndGlobalSection
	GlobalSection(ExtensibilityGlobals) = postSolution
		SolutionGuid = {649F2856-A065-40B7-ABE5-6E031B8F18F4}
	EndGlobalSection
EndGlobal
